// !$*UTF8*$!
{
	archiveVersion = 1;
	classes = {
	};
	objectVersion = 55;
	objects = {

/* Begin PBXBuildFile section */
		144A9AF1272F5070007C2B84 /* TaskCircle.swift in Sources */ = {isa = PBXBuildFile; fileRef = 144A9AF0272F5070007C2B84 /* TaskCircle.swift */; };
		14B82377272F33CE00F8552A /* Borsjakten.swift in Sources */ = {isa = PBXBuildFile; fileRef = 14B82376272F33CE00F8552A /* Borsjakten.swift */; };
		14B82379272F33CE00F8552A /* ContentView.swift in Sources */ = {isa = PBXBuildFile; fileRef = 14B82378272F33CE00F8552A /* ContentView.swift */; };
		14B8237B272F33CF00F8552A /* Assets.xcassets in Resources */ = {isa = PBXBuildFile; fileRef = 14B8237A272F33CF00F8552A /* Assets.xcassets */; };
		14B8237E272F33CF00F8552A /* Preview Assets.xcassets in Resources */ = {isa = PBXBuildFile; fileRef = 14B8237D272F33CF00F8552A /* Preview Assets.xcassets */; };
		14B82387272F3B9900F8552A /* TaskDetailView.swift in Sources */ = {isa = PBXBuildFile; fileRef = 14B82386272F3B9900F8552A /* TaskDetailView.swift */; };
		14B82389272F409700F8552A /* HomeView.swift in Sources */ = {isa = PBXBuildFile; fileRef = 14B82388272F409700F8552A /* HomeView.swift */; };
		14B8238C272F485300F8552A /* TaskItem.swift in Sources */ = {isa = PBXBuildFile; fileRef = 14B8238B272F485300F8552A /* TaskItem.swift */; };
		14B8238E272F487800F8552A /* TaskModel.swift in Sources */ = {isa = PBXBuildFile; fileRef = 14B8238D272F487800F8552A /* TaskModel.swift */; };
		14B82392272F49D800F8552A /* TaskButtonStyle.swift in Sources */ = {isa = PBXBuildFile; fileRef = 14B82391272F49D800F8552A /* TaskButtonStyle.swift */; };
		14B82395272F49FC00F8552A /* CGFloat.swift in Sources */ = {isa = PBXBuildFile; fileRef = 14B82394272F49FC00F8552A /* CGFloat.swift */; };
		14B82397272F4B8000F8552A /* SettingsView.swift in Sources */ = {isa = PBXBuildFile; fileRef = 14B82396272F4B8000F8552A /* SettingsView.swift */; };
/* End PBXBuildFile section */

/* Begin PBXFileReference section */
		144A9AF0272F5070007C2B84 /* TaskCircle.swift */ = {isa = PBXFileReference; lastKnownFileType = sourcecode.swift; path = TaskCircle.swift; sourceTree = "<group>"; };
		14B82373272F33CE00F8552A /* Borsjakten.app */ = {isa = PBXFileReference; explicitFileType = wrapper.application; includeInIndex = 0; path = Borsjakten.app; sourceTree = BUILT_PRODUCTS_DIR; };
		14B82376272F33CE00F8552A /* Borsjakten.swift */ = {isa = PBXFileReference; lastKnownFileType = sourcecode.swift; path = Borsjakten.swift; sourceTree = "<group>"; };
		14B82378272F33CE00F8552A /* ContentView.swift */ = {isa = PBXFileReference; lastKnownFileType = sourcecode.swift; path = ContentView.swift; sourceTree = "<group>"; };
		14B8237A272F33CF00F8552A /* Assets.xcassets */ = {isa = PBXFileReference; lastKnownFileType = folder.assetcatalog; path = Assets.xcassets; sourceTree = "<group>"; };
		14B8237D272F33CF00F8552A /* Preview Assets.xcassets */ = {isa = PBXFileReference; lastKnownFileType = folder.assetcatalog; path = "Preview Assets.xcassets"; sourceTree = "<group>"; };
		14B82386272F3B9900F8552A /* TaskDetailView.swift */ = {isa = PBXFileReference; lastKnownFileType = sourcecode.swift; path = TaskDetailView.swift; sourceTree = "<group>"; };
		14B82388272F409700F8552A /* HomeView.swift */ = {isa = PBXFileReference; lastKnownFileType = sourcecode.swift; path = HomeView.swift; sourceTree = "<group>"; };
		14B8238B272F485300F8552A /* TaskItem.swift */ = {isa = PBXFileReference; lastKnownFileType = sourcecode.swift; path = TaskItem.swift; sourceTree = "<group>"; };
		14B8238D272F487800F8552A /* TaskModel.swift */ = {isa = PBXFileReference; lastKnownFileType = sourcecode.swift; path = TaskModel.swift; sourceTree = "<group>"; };
		14B82391272F49D800F8552A /* TaskButtonStyle.swift */ = {isa = PBXFileReference; lastKnownFileType = sourcecode.swift; path = TaskButtonStyle.swift; sourceTree = "<group>"; };
		14B82394272F49FC00F8552A /* CGFloat.swift */ = {isa = PBXFileReference; lastKnownFileType = sourcecode.swift; path = CGFloat.swift; sourceTree = "<group>"; };
		14B82396272F4B8000F8552A /* SettingsView.swift */ = {isa = PBXFileReference; lastKnownFileType = sourcecode.swift; path = SettingsView.swift; sourceTree = "<group>"; };
/* End PBXFileReference section */

/* Begin PBXFrameworksBuildPhase section */
		14B82370272F33CE00F8552A /* Frameworks */ = {
			isa = PBXFrameworksBuildPhase;
			buildActionMask = 2147483647;
			files = (
			);
			runOnlyForDeploymentPostprocessing = 0;
		};
/* End PBXFrameworksBuildPhase section */

/* Begin PBXGroup section */
		14B8236A272F33CE00F8552A = {
			isa = PBXGroup;
			children = (
				14B82375272F33CE00F8552A /* Borsjakten */,
				14B82374272F33CE00F8552A /* Products */,
			);
			sourceTree = "<group>";
		};
		14B82374272F33CE00F8552A /* Products */ = {
			isa = PBXGroup;
			children = (
				14B82373272F33CE00F8552A /* Borsjakten.app */,
			);
			name = Products;
			sourceTree = "<group>";
		};
		14B82375272F33CE00F8552A /* Borsjakten */ = {
			isa = PBXGroup;
			children = (
				14B8237A272F33CF00F8552A /* Assets.xcassets */,
				14B8237C272F33CF00F8552A /* Preview Content */,
				14B82393272F49F100F8552A /* Extensions */,
				14B8238A272F484A00F8552A /* Models */,
				14B8238F272F49A000F8552A /* Core */,
			);
			path = Borsjakten;
			sourceTree = "<group>";
		};
		14B8237C272F33CF00F8552A /* Preview Content */ = {
			isa = PBXGroup;
			children = (
				14B8237D272F33CF00F8552A /* Preview Assets.xcassets */,
			);
			path = "Preview Content";
			sourceTree = "<group>";
		};
		14B8238A272F484A00F8552A /* Models */ = {
			isa = PBXGroup;
			children = (
				14B8238B272F485300F8552A /* TaskItem.swift */,
				14B8238D272F487800F8552A /* TaskModel.swift */,
			);
			path = Models;
			sourceTree = "<group>";
		};
		14B8238F272F49A000F8552A /* Core */ = {
			isa = PBXGroup;
			children = (
				14B82390272F49C400F8552A /* Button Styles */,
				14B82376272F33CE00F8552A /* Borsjakten.swift */,
				14B82378272F33CE00F8552A /* ContentView.swift */,
				14B82388272F409700F8552A /* HomeView.swift */,
				14B82396272F4B8000F8552A /* SettingsView.swift */,
				14B82386272F3B9900F8552A /* TaskDetailView.swift */,
				144A9AF0272F5070007C2B84 /* TaskCircle.swift */,
			);
			path = Core;
			sourceTree = "<group>";
		};
		14B82390272F49C400F8552A /* Button Styles */ = {
			isa = PBXGroup;
			children = (
				14B82391272F49D800F8552A /* TaskButtonStyle.swift */,
			);
			path = "Button Styles";
			sourceTree = "<group>";
		};
		14B82393272F49F100F8552A /* Extensions */ = {
			isa = PBXGroup;
			children = (
				14B82394272F49FC00F8552A /* CGFloat.swift */,
			);
			path = Extensions;
			sourceTree = "<group>";
		};
/* End PBXGroup section */

/* Begin PBXNativeTarget section */
		14B82372272F33CE00F8552A /* Borsjakten */ = {
			isa = PBXNativeTarget;
			buildConfigurationList = 14B82381272F33CF00F8552A /* Build configuration list for PBXNativeTarget "Borsjakten" */;
			buildPhases = (
				14B8236F272F33CE00F8552A /* Sources */,
				14B82370272F33CE00F8552A /* Frameworks */,
				14B82371272F33CE00F8552A /* Resources */,
			);
			buildRules = (
			);
			dependencies = (
			);
			name = Borsjakten;
			productName = borsjakten;
			productReference = 14B82373272F33CE00F8552A /* Borsjakten.app */;
			productType = "com.apple.product-type.application";
		};
/* End PBXNativeTarget section */

/* Begin PBXProject section */
		14B8236B272F33CE00F8552A /* Project object */ = {
			isa = PBXProject;
			attributes = {
				BuildIndependentTargetsInParallel = 1;
				LastSwiftUpdateCheck = 1310;
				LastUpgradeCheck = 1310;
				ORGANIZATIONNAME = Borsjakten;
				TargetAttributes = {
					14B82372272F33CE00F8552A = {
						CreatedOnToolsVersion = 13.1;
					};
				};
			};
			buildConfigurationList = 14B8236E272F33CE00F8552A /* Build configuration list for PBXProject "Borsjakten" */;
			compatibilityVersion = "Xcode 13.0";
			developmentRegion = en;
			hasScannedForEncodings = 0;
			knownRegions = (
				en,
				Base,
			);
			mainGroup = 14B8236A272F33CE00F8552A;
			productRefGroup = 14B82374272F33CE00F8552A /* Products */;
			projectDirPath = "";
			projectRoot = "";
			targets = (
				14B82372272F33CE00F8552A /* Borsjakten */,
			);
		};
/* End PBXProject section */

/* Begin PBXResourcesBuildPhase section */
		14B82371272F33CE00F8552A /* Resources */ = {
			isa = PBXResourcesBuildPhase;
			buildActionMask = 2147483647;
			files = (
				14B8237E272F33CF00F8552A /* Preview Assets.xcassets in Resources */,
				14B8237B272F33CF00F8552A /* Assets.xcassets in Resources */,
			);
			runOnlyForDeploymentPostprocessing = 0;
		};
/* End PBXResourcesBuildPhase section */

/* Begin PBXSourcesBuildPhase section */
		14B8236F272F33CE00F8552A /* Sources */ = {
			isa = PBXSourcesBuildPhase;
			buildActionMask = 2147483647;
			files = (
				14B82395272F49FC00F8552A /* CGFloat.swift in Sources */,
				14B8238E272F487800F8552A /* TaskModel.swift in Sources */,
				14B82387272F3B9900F8552A /* TaskDetailView.swift in Sources */,
				14B82397272F4B8000F8552A /* SettingsView.swift in Sources */,
				14B8238C272F485300F8552A /* TaskItem.swift in Sources */,
				14B82392272F49D800F8552A /* TaskButtonStyle.swift in Sources */,
				144A9AF1272F5070007C2B84 /* TaskCircle.swift in Sources */,
				14B82379272F33CE00F8552A /* ContentView.swift in Sources */,
				14B82389272F409700F8552A /* HomeView.swift in Sources */,
				14B82377272F33CE00F8552A /* Borsjakten.swift in Sources */,
			);
			runOnlyForDeploymentPostprocessing = 0;
		};
/* End PBXSourcesBuildPhase section */

/* Begin XCBuildConfiguration section */
		14B8237F272F33CF00F8552A /* Debug */ = {
			isa = XCBuildConfiguration;
			buildSettings = {
				ALWAYS_SEARCH_USER_PATHS = NO;
				CLANG_ANALYZER_NONNULL = YES;
				CLANG_ANALYZER_NUMBER_OBJECT_CONVERSION = YES_AGGRESSIVE;
				CLANG_CXX_LANGUAGE_STANDARD = "gnu++17";
				CLANG_CXX_LIBRARY = "libc++";
				CLANG_ENABLE_MODULES = YES;
				CLANG_ENABLE_OBJC_ARC = YES;
				CLANG_ENABLE_OBJC_WEAK = YES;
				CLANG_WARN_BLOCK_CAPTURE_AUTORELEASING = YES;
				CLANG_WARN_BOOL_CONVERSION = YES;
				CLANG_WARN_COMMA = YES;
				CLANG_WARN_CONSTANT_CONVERSION = YES;
				CLANG_WARN_DEPRECATED_OBJC_IMPLEMENTATIONS = YES;
				CLANG_WARN_DIRECT_OBJC_ISA_USAGE = YES_ERROR;
				CLANG_WARN_DOCUMENTATION_COMMENTS = YES;
				CLANG_WARN_EMPTY_BODY = YES;
				CLANG_WARN_ENUM_CONVERSION = YES;
				CLANG_WARN_INFINITE_RECURSION = YES;
				CLANG_WARN_INT_CONVERSION = YES;
				CLANG_WARN_NON_LITERAL_NULL_CONVERSION = YES;
				CLANG_WARN_OBJC_IMPLICIT_RETAIN_SELF = YES;
				CLANG_WARN_OBJC_LITERAL_CONVERSION = YES;
				CLANG_WARN_OBJC_ROOT_CLASS = YES_ERROR;
				CLANG_WARN_QUOTED_INCLUDE_IN_FRAMEWORK_HEADER = YES;
				CLANG_WARN_RANGE_LOOP_ANALYSIS = YES;
				CLANG_WARN_STRICT_PROTOTYPES = YES;
				CLANG_WARN_SUSPICIOUS_MOVE = YES;
				CLANG_WARN_UNGUARDED_AVAILABILITY = YES_AGGRESSIVE;
				CLANG_WARN_UNREACHABLE_CODE = YES;
				CLANG_WARN__DUPLICATE_METHOD_MATCH = YES;
				COPY_PHASE_STRIP = NO;
				DEBUG_INFORMATION_FORMAT = dwarf;
				ENABLE_STRICT_OBJC_MSGSEND = YES;
				ENABLE_TESTABILITY = YES;
				GCC_C_LANGUAGE_STANDARD = gnu11;
				GCC_DYNAMIC_NO_PIC = NO;
				GCC_NO_COMMON_BLOCKS = YES;
				GCC_OPTIMIZATION_LEVEL = 0;
				GCC_PREPROCESSOR_DEFINITIONS = (
					"DEBUG=1",
					"$(inherited)",
				);
				GCC_WARN_64_TO_32_BIT_CONVERSION = YES;
				GCC_WARN_ABOUT_RETURN_TYPE = YES_ERROR;
				GCC_WARN_UNDECLARED_SELECTOR = YES;
				GCC_WARN_UNINITIALIZED_AUTOS = YES_AGGRESSIVE;
				GCC_WARN_UNUSED_FUNCTION = YES;
				GCC_WARN_UNUSED_VARIABLE = YES;
				IPHONEOS_DEPLOYMENT_TARGET = 15.0;
				MTL_ENABLE_DEBUG_INFO = INCLUDE_SOURCE;
				MTL_FAST_MATH = YES;
				ONLY_ACTIVE_ARCH = YES;
				SDKROOT = iphoneos;
				SWIFT_ACTIVE_COMPILATION_CONDITIONS = DEBUG;
				SWIFT_OPTIMIZATION_LEVEL = "-Onone";
			};
			name = Debug;
		};
		14B82380272F33CF00F8552A /* Release */ = {
			isa = XCBuildConfiguration;
			buildSettings = {
				ALWAYS_SEARCH_USER_PATHS = NO;
				CLANG_ANALYZER_NONNULL = YES;
				CLANG_ANALYZER_NUMBER_OBJECT_CONVERSION = YES_AGGRESSIVE;
				CLANG_CXX_LANGUAGE_STANDARD = "gnu++17";
				CLANG_CXX_LIBRARY = "libc++";
				CLANG_ENABLE_MODULES = YES;
				CLANG_ENABLE_OBJC_ARC = YES;
				CLANG_ENABLE_OBJC_WEAK = YES;
				CLANG_WARN_BLOCK_CAPTURE_AUTORELEASING = YES;
				CLANG_WARN_BOOL_CONVERSION = YES;
				CLANG_WARN_COMMA = YES;
				CLANG_WARN_CONSTANT_CONVERSION = YES;
				CLANG_WARN_DEPRECATED_OBJC_IMPLEMENTATIONS = YES;
				CLANG_WARN_DIRECT_OBJC_ISA_USAGE = YES_ERROR;
				CLANG_WARN_DOCUMENTATION_COMMENTS = YES;
				CLANG_WARN_EMPTY_BODY = YES;
				CLANG_WARN_ENUM_CONVERSION = YES;
				CLANG_WARN_INFINITE_RECURSION = YES;
				CLANG_WARN_INT_CONVERSION = YES;
				CLANG_WARN_NON_LITERAL_NULL_CONVERSION = YES;
				CLANG_WARN_OBJC_IMPLICIT_RETAIN_SELF = YES;
				CLANG_WARN_OBJC_LITERAL_CONVERSION = YES;
				CLANG_WARN_OBJC_ROOT_CLASS = YES_ERROR;
				CLANG_WARN_QUOTED_INCLUDE_IN_FRAMEWORK_HEADER = YES;
				CLANG_WARN_RANGE_LOOP_ANALYSIS = YES;
				CLANG_WARN_STRICT_PROTOTYPES = YES;
				CLANG_WARN_SUSPICIOUS_MOVE = YES;
				CLANG_WARN_UNGUARDED_AVAILABILITY = YES_AGGRESSIVE;
				CLANG_WARN_UNREACHABLE_CODE = YES;
				CLANG_WARN__DUPLICATE_METHOD_MATCH = YES;
				COPY_PHASE_STRIP = NO;
				DEBUG_INFORMATION_FORMAT = "dwarf-with-dsym";
				ENABLE_NS_ASSERTIONS = NO;
				ENABLE_STRICT_OBJC_MSGSEND = YES;
				GCC_C_LANGUAGE_STANDARD = gnu11;
				GCC_NO_COMMON_BLOCKS = YES;
				GCC_WARN_64_TO_32_BIT_CONVERSION = YES;
				GCC_WARN_ABOUT_RETURN_TYPE = YES_ERROR;
				GCC_WARN_UNDECLARED_SELECTOR = YES;
				GCC_WARN_UNINITIALIZED_AUTOS = YES_AGGRESSIVE;
				GCC_WARN_UNUSED_FUNCTION = YES;
				GCC_WARN_UNUSED_VARIABLE = YES;
				IPHONEOS_DEPLOYMENT_TARGET = 15.0;
				MTL_ENABLE_DEBUG_INFO = NO;
				MTL_FAST_MATH = YES;
				SDKROOT = iphoneos;
				SWIFT_COMPILATION_MODE = wholemodule;
				SWIFT_OPTIMIZATION_LEVEL = "-O";
				VALIDATE_PRODUCT = YES;
			};
			name = Release;
		};
		14B82382272F33CF00F8552A /* Debug */ = {
			isa = XCBuildConfiguration;
			buildSettings = {
				ASSETCATALOG_COMPILER_APPICON_NAME = AppIcon;
				ASSETCATALOG_COMPILER_GLOBAL_ACCENT_COLOR_NAME = AccentColor;
				CODE_SIGN_STYLE = Automatic;
				CURRENT_PROJECT_VERSION = 1;
				DEVELOPMENT_ASSET_PATHS = "\"borsjakten/Preview Content\"";
				ENABLE_PREVIEWS = YES;
				GENERATE_INFOPLIST_FILE = YES;
				INFOPLIST_KEY_UIApplicationSceneManifest_Generation = YES;
				INFOPLIST_KEY_UIApplicationSupportsIndirectInputEvents = YES;
				INFOPLIST_KEY_UILaunchScreen_Generation = YES;
				INFOPLIST_KEY_UISupportedInterfaceOrientations_iPad = "UIInterfaceOrientationPortrait UIInterfaceOrientationPortraitUpsideDown UIInterfaceOrientationLandscapeLeft UIInterfaceOrientationLandscapeRight";
				INFOPLIST_KEY_UISupportedInterfaceOrientations_iPhone = "UIInterfaceOrientationPortrait UIInterfaceOrientationLandscapeLeft UIInterfaceOrientationLandscapeRight";
				LD_RUNPATH_SEARCH_PATHS = (
					"$(inherited)",
					"@executable_path/Frameworks",
				);
				MARKETING_VERSION = 1.0;
				PRODUCT_BUNDLE_IDENTIFIER = niklasrydkvist.borsjakten;
				PRODUCT_NAME = "$(TARGET_NAME)";
				SWIFT_EMIT_LOC_STRINGS = YES;
				SWIFT_VERSION = 5.0;
				TARGETED_DEVICE_FAMILY = "1,2";
			};
			name = Debug;
		};
		14B82383272F33CF00F8552A /* Release */ = {
			isa = XCBuildConfiguration;
			buildSettings = {
				ASSETCATALOG_COMPILER_APPICON_NAME = AppIcon;
				ASSETCATALOG_COMPILER_GLOBAL_ACCENT_COLOR_NAME = AccentColor;
				CODE_SIGN_STYLE = Automatic;
				CURRENT_PROJECT_VERSION = 1;
				DEVELOPMENT_ASSET_PATHS = "\"borsjakten/Preview Content\"";
				ENABLE_PREVIEWS = YES;
				GENERATE_INFOPLIST_FILE = YES;
				INFOPLIST_KEY_UIApplicationSceneManifest_Generation = YES;
				INFOPLIST_KEY_UIApplicationSupportsIndirectInputEvents = YES;
				INFOPLIST_KEY_UILaunchScreen_Generation = YES;
				INFOPLIST_KEY_UISupportedInterfaceOrientations_iPad = "UIInterfaceOrientationPortrait UIInterfaceOrientationPortraitUpsideDown UIInterfaceOrientationLandscapeLeft UIInterfaceOrientationLandscapeRight";
				INFOPLIST_KEY_UISupportedInterfaceOrientations_iPhone = "UIInterfaceOrientationPortrait UIInterfaceOrientationLandscapeLeft UIInterfaceOrientationLandscapeRight";
				LD_RUNPATH_SEARCH_PATHS = (
					"$(inherited)",
					"@executable_path/Frameworks",
				);
				MARKETING_VERSION = 1.0;
				PRODUCT_BUNDLE_IDENTIFIER = niklasrydkvist.borsjakten;
				PRODUCT_NAME = "$(TARGET_NAME)";
				SWIFT_EMIT_LOC_STRINGS = YES;
				SWIFT_VERSION = 5.0;
				TARGETED_DEVICE_FAMILY = "1,2";
			};
			name = Release;
		};
/* End XCBuildConfiguration section */

/* Begin XCConfigurationList section */
		14B8236E272F33CE00F8552A /* Build configuration list for PBXProject "Borsjakten" */ = {
			isa = XCConfigurationList;
			buildConfigurations = (
				14B8237F272F33CF00F8552A /* Debug */,
				14B82380272F33CF00F8552A /* Release */,
			);
			defaultConfigurationIsVisible = 0;
			defaultConfigurationName = Release;
		};
		14B82381272F33CF00F8552A /* Build configuration list for PBXNativeTarget "Borsjakten" */ = {
			isa = XCConfigurationList;
			buildConfigurations = (
				14B82382272F33CF00F8552A /* Debug */,
				14B82383272F33CF00F8552A /* Release */,
			);
			defaultConfigurationIsVisible = 0;
			defaultConfigurationName = Release;
		};
/* End XCConfigurationList section */
	};
	rootObject = 14B8236B272F33CE00F8552A /* Project object */;
}
